// !$*UTF8*$!
{
	archiveVersion = 1;
	classes = {
	};
	objectVersion = 55;
	objects = {

/* Begin PBXBuildFile section */
		04A99B0F27FEF41F0083253D /* main.swift in Sources */ = {isa = PBXBuildFile; fileRef = 04A99B0E27FEF41F0083253D /* main.swift */; };
		04E6AA6E27FF4C2F00AA457E /* fnb.swift in Sources */ = {isa = PBXBuildFile; fileRef = 04E6AA6D27FF4C2F00AA457E /* fnb.swift */; };
		04E6AA7427FF4DA600AA457E /* cart.swift in Sources */ = {isa = PBXBuildFile; fileRef = 04E6AA7327FF4DA600AA457E /* cart.swift */; };
		04E6AA7627FF525200AA457E /* wishlist.swift in Sources */ = {isa = PBXBuildFile; fileRef = 04E6AA7527FF525200AA457E /* wishlist.swift */; };
/* End PBXBuildFile section */

/* Begin PBXCopyFilesBuildPhase section */
		04A99B0927FEF41F0083253D /* CopyFiles */ = {
			isa = PBXCopyFilesBuildPhase;
			buildActionMask = 2147483647;
			dstPath = /usr/share/man/man1/;
			dstSubfolderSpec = 0;
			files = (
			);
			runOnlyForDeploymentPostprocessing = 1;
		};
/* End PBXCopyFilesBuildPhase section */

/* Begin PBXFileReference section */
		04A99B0B27FEF41F0083253D /* AFL 2 Probo Krishnacahya */ = {isa = PBXFileReference; explicitFileType = "compiled.mach-o.executable"; includeInIndex = 0; path = "AFL 2 Probo Krishnacahya"; sourceTree = BUILT_PRODUCTS_DIR; };
		04A99B0E27FEF41F0083253D /* main.swift */ = {isa = PBXFileReference; lastKnownFileType = sourcecode.swift; path = main.swift; sourceTree = "<group>"; };
		04E6AA6D27FF4C2F00AA457E /* fnb.swift */ = {isa = PBXFileReference; lastKnownFileType = sourcecode.swift; path = fnb.swift; sourceTree = "<group>"; };
		04E6AA7327FF4DA600AA457E /* cart.swift */ = {isa = PBXFileReference; lastKnownFileType = sourcecode.swift; path = cart.swift; sourceTree = "<group>"; };
		04E6AA7527FF525200AA457E /* wishlist.swift */ = {isa = PBXFileReference; lastKnownFileType = sourcecode.swift; path = wishlist.swift; sourceTree = "<group>"; };
/* End PBXFileReference section */

/* Begin PBXFrameworksBuildPhase section */
		04A99B0827FEF41F0083253D /* Frameworks */ = {
			isa = PBXFrameworksBuildPhase;
			buildActionMask = 2147483647;
			files = (
			);
			runOnlyForDeploymentPostprocessing = 0;
		};
/* End PBXFrameworksBuildPhase section */

/* Begin PBXGroup section */
		04A99B0227FEF41F0083253D = {
			isa = PBXGroup;
			children = (
				04A99B0D27FEF41F0083253D /* AFL 2 Probo Krishnacahya */,
				04A99B0C27FEF41F0083253D /* Products */,
			);
			sourceTree = "<group>";
		};
		04A99B0C27FEF41F0083253D /* Products */ = {
			isa = PBXGroup;
			children = (
				04A99B0B27FEF41F0083253D /* AFL 2 Probo Krishnacahya */,
			);
			name = Products;
			sourceTree = "<group>";
		};
		04A99B0D27FEF41F0083253D /* AFL 2 Probo Krishnacahya */ = {
			isa = PBXGroup;
			children = (
				04A99B0E27FEF41F0083253D /* main.swift */,
				04E6AA6D27FF4C2F00AA457E /* fnb.swift */,
				04E6AA7327FF4DA600AA457E /* cart.swift */,
				04E6AA7527FF525200AA457E /* wishlist.swift */,
			);
			path = "AFL 2 Probo Krishnacahya";
			sourceTree = "<group>";
		};
/* End PBXGroup section */

/* Begin PBXNativeTarget section */
		04A99B0A27FEF41F0083253D /* AFL 2 Probo Krishnacahya */ = {
			isa = PBXNativeTarget;
			buildConfigurationList = 04A99B1227FEF41F0083253D /* Build configuration list for PBXNativeTarget "AFL 2 Probo Krishnacahya" */;
			buildPhases = (
				04A99B0727FEF41F0083253D /* Sources */,
				04A99B0827FEF41F0083253D /* Frameworks */,
				04A99B0927FEF41F0083253D /* CopyFiles */,
			);
			buildRules = (
			);
			dependencies = (
			);
			name = "AFL 2 Probo Krishnacahya";
			productName = "AFL 2 Probo Krishnacahya";
			productReference = 04A99B0B27FEF41F0083253D /* AFL 2 Probo Krishnacahya */;
			productType = "com.apple.product-type.tool";
		};
/* End PBXNativeTarget section */

/* Begin PBXProject section */
		04A99B0327FEF41F0083253D /* Project object */ = {
			isa = PBXProject;
			attributes = {
				BuildIndependentTargetsInParallel = 1;
				LastSwiftUpdateCheck = 1320;
				LastUpgradeCheck = 1320;
				TargetAttributes = {
					04A99B0A27FEF41F0083253D = {
						CreatedOnToolsVersion = 13.2.1;
					};
				};
			};
			buildConfigurationList = 04A99B0627FEF41F0083253D /* Build configuration list for PBXProject "AFL 2 Probo Krishnacahya" */;
			compatibilityVersion = "Xcode 13.0";
			developmentRegion = en;
			hasScannedForEncodings = 0;
			knownRegions = (
				en,
				Base,
			);
			mainGroup = 04A99B0227FEF41F0083253D;
			productRefGroup = 04A99B0C27FEF41F0083253D /* Products */;
			projectDirPath = "";
			projectRoot = "";
			targets = (
				04A99B0A27FEF41F0083253D /* AFL 2 Probo Krishnacahya */,
			);
		};
/* End PBXProject section */

/* Begin PBXSourcesBuildPhase section */
		04A99B0727FEF41F0083253D /* Sources */ = {
			isa = PBXSourcesBuildPhase;
			buildActionMask = 2147483647;
			files = (
				04E6AA7627FF525200AA457E /* wishlist.swift in Sources */,
				04E6AA6E27FF4C2F00AA457E /* fnb.swift in Sources */,
				04E6AA7427FF4DA600AA457E /* cart.swift in Sources */,
				04A99B0F27FEF41F0083253D /* main.swift in Sources */,
			);
			runOnlyForDeploymentPostprocessing = 0;
		};
/* End PBXSourcesBuildPhase section */

/* Begin XCBuildConfiguration section */
		04A99B1027FEF41F0083253D /* Debug */ = {
			isa = XCBuildConfiguration;
			buildSettings = {
				ALWAYS_SEARCH_USER_PATHS = NO;
				CLANG_ANALYZER_NONNULL = YES;
				CLANG_ANALYZER_NUMBER_OBJECT_CONVERSION = YES_AGGRESSIVE;
				CLANG_CXX_LANGUAGE_STANDARD = "gnu++17";
				CLANG_CXX_LIBRARY = "libc++";
				CLANG_ENABLE_MODULES = YES;
				CLANG_ENABLE_OBJC_ARC = YES;
				CLANG_ENABLE_OBJC_WEAK = YES;
				CLANG_WARN_BLOCK_CAPTURE_AUTORELEASING = YES;
				CLANG_WARN_BOOL_CONVERSION = YES;
				CLANG_WARN_COMMA = YES;
				CLANG_WARN_CONSTANT_CONVERSION = YES;
				CLANG_WARN_DEPRECATED_OBJC_IMPLEMENTATIONS = YES;
				CLANG_WARN_DIRECT_OBJC_ISA_USAGE = YES_ERROR;
				CLANG_WARN_DOCUMENTATION_COMMENTS = YES;
				CLANG_WARN_EMPTY_BODY = YES;
				CLANG_WARN_ENUM_CONVERSION = YES;
				CLANG_WARN_INFINITE_RECURSION = YES;
				CLANG_WARN_INT_CONVERSION = YES;
				CLANG_WARN_NON_LITERAL_NULL_CONVERSION = YES;
				CLANG_WARN_OBJC_IMPLICIT_RETAIN_SELF = YES;
				CLANG_WARN_OBJC_LITERAL_CONVERSION = YES;
				CLANG_WARN_OBJC_ROOT_CLASS = YES_ERROR;
				CLANG_WARN_QUOTED_INCLUDE_IN_FRAMEWORK_HEADER = YES;
				CLANG_WARN_RANGE_LOOP_ANALYSIS = YES;
				CLANG_WARN_STRICT_PROTOTYPES = YES;
				CLANG_WARN_SUSPICIOUS_MOVE = YES;
				CLANG_WARN_UNGUARDED_AVAILABILITY = YES_AGGRESSIVE;
				CLANG_WARN_UNREACHABLE_CODE = YES;
				CLANG_WARN__DUPLICATE_METHOD_MATCH = YES;
				COPY_PHASE_STRIP = NO;
				DEBUG_INFORMATION_FORMAT = dwarf;
				ENABLE_STRICT_OBJC_MSGSEND = YES;
				ENABLE_TESTABILITY = YES;
				GCC_C_LANGUAGE_STANDARD = gnu11;
				GCC_DYNAMIC_NO_PIC = NO;
				GCC_NO_COMMON_BLOCKS = YES;
				GCC_OPTIMIZATION_LEVEL = 0;
				GCC_PREPROCESSOR_DEFINITIONS = (
					"DEBUG=1",
					"$(inherited)",
				);
				GCC_WARN_64_TO_32_BIT_CONVERSION = YES;
				GCC_WARN_ABOUT_RETURN_TYPE = YES_ERROR;
				GCC_WARN_UNDECLARED_SELECTOR = YES;
				GCC_WARN_UNINITIALIZED_AUTOS = YES_AGGRESSIVE;
				GCC_WARN_UNUSED_FUNCTION = YES;
				GCC_WARN_UNUSED_VARIABLE = YES;
				MACOSX_DEPLOYMENT_TARGET = 12.1;
				MTL_ENABLE_DEBUG_INFO = INCLUDE_SOURCE;
				MTL_FAST_MATH = YES;
				ONLY_ACTIVE_ARCH = YES;
				SDKROOT = macosx;
				SWIFT_ACTIVE_COMPILATION_CONDITIONS = DEBUG;
				SWIFT_OPTIMIZATION_LEVEL = "-Onone";
			};
			name = Debug;
		};
		04A99B1127FEF41F0083253D /* Release */ = {
			isa = XCBuildConfiguration;
			buildSettings = {
				ALWAYS_SEARCH_USER_PATHS = NO;
				CLANG_ANALYZER_NONNULL = YES;
				CLANG_ANALYZER_NUMBER_OBJECT_CONVERSION = YES_AGGRESSIVE;
				CLANG_CXX_LANGUAGE_STANDARD = "gnu++17";
				CLANG_CXX_LIBRARY = "libc++";
				CLANG_ENABLE_MODULES = YES;
				CLANG_ENABLE_OBJC_ARC = YES;
				CLANG_ENABLE_OBJC_WEAK = YES;
				CLANG_WARN_BLOCK_CAPTURE_AUTORELEASING = YES;
				CLANG_WARN_BOOL_CONVERSION = YES;
				CLANG_WARN_COMMA = YES;
				CLANG_WARN_CONSTANT_CONVERSION = YES;
				CLANG_WARN_DEPRECATED_OBJC_IMPLEMENTATIONS = YES;
				CLANG_WARN_DIRECT_OBJC_ISA_USAGE = YES_ERROR;
				CLANG_WARN_DOCUMENTATION_COMMENTS = YES;
				CLANG_WARN_EMPTY_BODY = YES;
				CLANG_WARN_ENUM_CONVERSION = YES;
				CLANG_WARN_INFINITE_RECURSION = YES;
				CLANG_WARN_INT_CONVERSION = YES;
				CLANG_WARN_NON_LITERAL_NULL_CONVERSION = YES;
				CLANG_WARN_OBJC_IMPLICIT_RETAIN_SELF = YES;
				CLANG_WARN_OBJC_LITERAL_CONVERSION = YES;
				CLANG_WARN_OBJC_ROOT_CLASS = YES_ERROR;
				CLANG_WARN_QUOTED_INCLUDE_IN_FRAMEWORK_HEADER = YES;
				CLANG_WARN_RANGE_LOOP_ANALYSIS = YES;
				CLANG_WARN_STRICT_PROTOTYPES = YES;
				CLANG_WARN_SUSPICIOUS_MOVE = YES;
				CLANG_WARN_UNGUARDED_AVAILABILITY = YES_AGGRESSIVE;
				CLANG_WARN_UNREACHABLE_CODE = YES;
				CLANG_WARN__DUPLICATE_METHOD_MATCH = YES;
				COPY_PHASE_STRIP = NO;
				DEBUG_INFORMATION_FORMAT = "dwarf-with-dsym";
				ENABLE_NS_ASSERTIONS = NO;
				ENABLE_STRICT_OBJC_MSGSEND = YES;
				GCC_C_LANGUAGE_STANDARD = gnu11;
				GCC_NO_COMMON_BLOCKS = YES;
				GCC_WARN_64_TO_32_BIT_CONVERSION = YES;
				GCC_WARN_ABOUT_RETURN_TYPE = YES_ERROR;
				GCC_WARN_UNDECLARED_SELECTOR = YES;
				GCC_WARN_UNINITIALIZED_AUTOS = YES_AGGRESSIVE;
				GCC_WARN_UNUSED_FUNCTION = YES;
				GCC_WARN_UNUSED_VARIABLE = YES;
				MACOSX_DEPLOYMENT_TARGET = 12.1;
				MTL_ENABLE_DEBUG_INFO = NO;
				MTL_FAST_MATH = YES;
				SDKROOT = macosx;
				SWIFT_COMPILATION_MODE = wholemodule;
				SWIFT_OPTIMIZATION_LEVEL = "-O";
			};
			name = Release;
		};
		04A99B1327FEF41F0083253D /* Debug */ = {
			isa = XCBuildConfiguration;
			buildSettings = {
				CODE_SIGN_STYLE = Automatic;
				PRODUCT_NAME = "$(TARGET_NAME)";
				SWIFT_VERSION = 5.0;
			};
			name = Debug;
		};
		04A99B1427FEF41F0083253D /* Release */ = {
			isa = XCBuildConfiguration;
			buildSettings = {
				CODE_SIGN_STYLE = Automatic;
				PRODUCT_NAME = "$(TARGET_NAME)";
				SWIFT_VERSION = 5.0;
			};
			name = Release;
		};
/* End XCBuildConfiguration section */

/* Begin XCConfigurationList section */
		04A99B0627FEF41F0083253D /* Build configuration list for PBXProject "AFL 2 Probo Krishnacahya" */ = {
			isa = XCConfigurationList;
			buildConfigurations = (
				04A99B1027FEF41F0083253D /* Debug */,
				04A99B1127FEF41F0083253D /* Release */,
			);
			defaultConfigurationIsVisible = 0;
			defaultConfigurationName = Release;
		};
		04A99B1227FEF41F0083253D /* Build configuration list for PBXNativeTarget "AFL 2 Probo Krishnacahya" */ = {
			isa = XCConfigurationList;
			buildConfigurations = (
				04A99B1327FEF41F0083253D /* Debug */,
				04A99B1427FEF41F0083253D /* Release */,
			);
			defaultConfigurationIsVisible = 0;
			defaultConfigurationName = Release;
		};
/* End XCConfigurationList section */
	};
	rootObject = 04A99B0327FEF41F0083253D /* Project object */;
}
